{
    "_readme": [
        "This file locks the dependencies of your project to a known state",
        "Read more about it at https://getcomposer.org/doc/01-basic-usage.md#composer-lock-the-lock-file",
        "This file is @generated automatically"
    ],
    "hash": "a518a51a99c79eef2bf968b888582709",
    "content-hash": "ffe9f94884a691cc4a77b7e759c6f399",
    "packages": [
        {
            "name": "cboden/ratchet",
            "version": "v0.3.3",
            "source": {
                "type": "git",
                "url": "https://github.com/ratchetphp/Ratchet.git",
                "reference": "6b247c05251b4b5cbd14243366b649f99a0e5681"
            },
            "dist": {
                "type": "zip",
                "url": "https://api.github.com/repos/ratchetphp/Ratchet/zipball/6b247c05251b4b5cbd14243366b649f99a0e5681",
                "reference": "6b247c05251b4b5cbd14243366b649f99a0e5681",
                "shasum": ""
            },
            "require": {
                "guzzle/http": "^3.6",
                "php": ">=5.3.9",
                "react/socket": "^0.3 || ^0.4",
                "symfony/http-foundation": "^2.2",
                "symfony/routing": "^2.2"
            },
            "type": "library",
            "autoload": {
                "psr-4": {
                    "Ratchet\\": "src/Ratchet"
                }
            },
            "notification-url": "https://packagist.org/downloads/",
            "license": [
                "MIT"
            ],
            "authors": [
                {
                    "name": "Chris Boden",
                    "email": "cboden@gmail.com",
                    "role": "Developer"
                }
            ],
            "description": "PHP WebSocket library",
            "homepage": "http://socketo.me",
            "keywords": [
                "Ratchet",
                "WebSockets",
                "server",
                "sockets"
            ],
            "time": "2015-05-27 12:51:05"
        },
        {
            "name": "evenement/evenement",
            "version": "v2.0.0",
            "source": {
                "type": "git",
                "url": "https://github.com/igorw/evenement.git",
                "reference": "f6e843799fd4f4184d54d8fc7b5b3551c9fa803e"
            },
            "dist": {
                "type": "zip",
                "url": "https://api.github.com/repos/igorw/evenement/zipball/f6e843799fd4f4184d54d8fc7b5b3551c9fa803e",
                "reference": "f6e843799fd4f4184d54d8fc7b5b3551c9fa803e",
                "shasum": ""
            },
            "require": {
                "php": ">=5.4.0"
            },
            "type": "library",
            "extra": {
                "branch-alias": {
                    "dev-master": "2.0-dev"
                }
            },
            "autoload": {
                "psr-0": {
                    "Evenement": "src"
                }
            },
            "notification-url": "https://packagist.org/downloads/",
            "license": [
                "MIT"
            ],
            "authors": [
                {
                    "name": "Igor Wiedler",
                    "email": "igor@wiedler.ch",
                    "homepage": "http://wiedler.ch/igor/"
                }
            ],
            "description": "Événement is a very simple event dispatching library for PHP",
            "keywords": [
                "event-dispatcher",
                "event-emitter"
            ],
            "time": "2012-11-02 14:49:47"
        },
        {
            "name": "guzzle/guzzle",
            "version": "v3.9.3",
            "source": {
                "type": "git",
                "url": "https://github.com/guzzle/guzzle3.git",
                "reference": "0645b70d953bc1c067bbc8d5bc53194706b628d9"
            },
            "dist": {
                "type": "zip",
                "url": "https://api.github.com/repos/guzzle/guzzle3/zipball/0645b70d953bc1c067bbc8d5bc53194706b628d9",
                "reference": "0645b70d953bc1c067bbc8d5bc53194706b628d9",
                "shasum": ""
            },
            "require": {
                "ext-curl": "*",
                "php": ">=5.3.3",
                "symfony/event-dispatcher": "~2.1"
            },
            "replace": {
                "guzzle/batch": "self.version",
                "guzzle/cache": "self.version",
                "guzzle/common": "self.version",
                "guzzle/http": "self.version",
                "guzzle/inflection": "self.version",
                "guzzle/iterator": "self.version",
                "guzzle/log": "self.version",
                "guzzle/parser": "self.version",
                "guzzle/plugin": "self.version",
                "guzzle/plugin-async": "self.version",
                "guzzle/plugin-backoff": "self.version",
                "guzzle/plugin-cache": "self.version",
                "guzzle/plugin-cookie": "self.version",
                "guzzle/plugin-curlauth": "self.version",
                "guzzle/plugin-error-response": "self.version",
                "guzzle/plugin-history": "self.version",
                "guzzle/plugin-log": "self.version",
                "guzzle/plugin-md5": "self.version",
                "guzzle/plugin-mock": "self.version",
                "guzzle/plugin-oauth": "self.version",
                "guzzle/service": "self.version",
                "guzzle/stream": "self.version"
            },
            "require-dev": {
                "doctrine/cache": "~1.3",
                "monolog/monolog": "~1.0",
                "phpunit/phpunit": "3.7.*",
                "psr/log": "~1.0",
                "symfony/class-loader": "~2.1",
                "zendframework/zend-cache": "2.*,<2.3",
                "zendframework/zend-log": "2.*,<2.3"
            },
            "suggest": {
                "guzzlehttp/guzzle": "Guzzle 5 has moved to a new package name. The package you have installed, Guzzle 3, is deprecated."
            },
            "type": "library",
            "extra": {
                "branch-alias": {
                    "dev-master": "3.9-dev"
                }
            },
            "autoload": {
                "psr-0": {
                    "Guzzle": "src/",
                    "Guzzle\\Tests": "tests/"
                }
            },
            "notification-url": "https://packagist.org/downloads/",
            "license": [
                "MIT"
            ],
            "authors": [
                {
                    "name": "Michael Dowling",
                    "email": "mtdowling@gmail.com",
                    "homepage": "https://github.com/mtdowling"
                },
                {
                    "name": "Guzzle Community",
                    "homepage": "https://github.com/guzzle/guzzle/contributors"
                }
            ],
            "description": "PHP HTTP client. This library is deprecated in favor of https://packagist.org/packages/guzzlehttp/guzzle",
            "homepage": "http://guzzlephp.org/",
            "keywords": [
                "client",
                "curl",
                "framework",
                "http",
                "http client",
                "rest",
                "web service"
            ],
            "time": "2015-03-18 18:23:50"
        },
        {
            "name": "psr/log",
            "version": "1.0.0",
            "source": {
                "type": "git",
                "url": "https://github.com/php-fig/log.git",
                "reference": "fe0936ee26643249e916849d48e3a51d5f5e278b"
            },
            "dist": {
                "type": "zip",
                "url": "https://api.github.com/repos/php-fig/log/zipball/fe0936ee26643249e916849d48e3a51d5f5e278b",
                "reference": "fe0936ee26643249e916849d48e3a51d5f5e278b",
                "shasum": ""
            },
            "type": "library",
            "autoload": {
                "psr-0": {
                    "Psr\\Log\\": ""
                }
            },
            "notification-url": "https://packagist.org/downloads/",
            "license": [
                "MIT"
            ],
            "authors": [
                {
                    "name": "PHP-FIG",
                    "homepage": "http://www.php-fig.org/"
                }
            ],
            "description": "Common interface for logging libraries",
            "keywords": [
                "log",
                "psr",
                "psr-3"
            ],
            "time": "2012-12-21 11:40:51"
        },
        {
            "name": "ratchet/pawl",
            "version": "v0.1.2",
            "source": {
                "type": "git",
                "url": "https://github.com/ratchetphp/Pawl.git",
                "reference": "b58948f6244e07bfcc8c8b824862ce41b1dad0d3"
            },
            "dist": {
                "type": "zip",
                "url": "https://api.github.com/repos/ratchetphp/Pawl/zipball/b58948f6244e07bfcc8c8b824862ce41b1dad0d3",
                "reference": "b58948f6244e07bfcc8c8b824862ce41b1dad0d3",
                "shasum": ""
            },
            "require": {
                "cboden/ratchet": "0.3.*",
                "php": ">=5.4",
                "react/socket-client": "0.4.*"
            },
            "type": "library",
            "autoload": {
                "psr-4": {
                    "Ratchet\\Client\\": "src"
                }
            },
            "notification-url": "https://packagist.org/downloads/",
            "license": [
                "MIT"
            ],
            "description": "Asynchronous WebSocket client",
            "keywords": [
                "Ratchet",
                "async",
                "client",
                "websocket"
            ],
            "time": "2014-11-09 20:47:17"
        },
        {
            "name": "react/cache",
            "version": "v0.4.0",
            "source": {
                "type": "git",
                "url": "https://github.com/reactphp/cache.git",
                "reference": "9882ab5d8b00617baae83c6996f5a34668c11beb"
            },
            "dist": {
                "type": "zip",
                "url": "https://api.github.com/repos/reactphp/cache/zipball/9882ab5d8b00617baae83c6996f5a34668c11beb",
                "reference": "9882ab5d8b00617baae83c6996f5a34668c11beb",
                "shasum": ""
            },
            "require": {
                "php": ">=5.4.0",
                "react/promise": "~2.0"
            },
            "type": "library",
            "extra": {
                "branch-alias": {
                    "dev-master": "0.4-dev"
                }
            },
            "autoload": {
                "psr-4": {
                    "React\\Cache\\": ""
                }
            },
            "notification-url": "https://packagist.org/downloads/",
            "license": [
                "MIT"
            ],
            "description": "Async caching.",
            "keywords": [
                "cache"
            ],
            "time": "2014-02-02 01:11:26"
        },
        {
            "name": "react/dns",
            "version": "v0.4.1",
            "source": {
                "type": "git",
                "url": "https://github.com/reactphp/dns.git",
                "reference": "8c5ccc35dcb4b06b70eb9201842363fac7b0f3cf"
            },
            "dist": {
                "type": "zip",
                "url": "https://api.github.com/repos/reactphp/dns/zipball/8c5ccc35dcb4b06b70eb9201842363fac7b0f3cf",
                "reference": "8c5ccc35dcb4b06b70eb9201842363fac7b0f3cf",
                "shasum": ""
            },
            "require": {
                "php": ">=5.4.0",
                "react/cache": "0.4.*",
                "react/promise": "~2.0",
                "react/socket": "0.4.*"
            },
            "type": "library",
            "extra": {
                "branch-alias": {
                    "dev-master": "0.4-dev"
                }
            },
            "autoload": {
                "psr-4": {
                    "React\\Dns\\": ""
                }
            },
            "notification-url": "https://packagist.org/downloads/",
            "license": [
                "MIT"
            ],
            "description": "Async DNS resolver.",
            "keywords": [
                "dns",
                "dns-resolver"
            ],
            "time": "2014-04-12 14:09:10"
        },
        {
            "name": "react/event-loop",
            "version": "v0.4.1",
            "source": {
                "type": "git",
                "url": "https://github.com/reactphp/event-loop.git",
                "reference": "18c5297087ca01de85518e2b55078f444144aa1b"
            },
            "dist": {
                "type": "zip",
                "url": "https://api.github.com/repos/reactphp/event-loop/zipball/18c5297087ca01de85518e2b55078f444144aa1b",
                "reference": "18c5297087ca01de85518e2b55078f444144aa1b",
                "shasum": ""
            },
            "require": {
                "php": ">=5.4.0"
            },
            "suggest": {
                "ext-event": "~1.0",
                "ext-libev": "*",
                "ext-libevent": ">=0.1.0"
            },
            "type": "library",
            "extra": {
                "branch-alias": {
                    "dev-master": "0.4-dev"
                }
            },
            "autoload": {
                "psr-4": {
                    "React\\EventLoop\\": ""
                }
            },
            "notification-url": "https://packagist.org/downloads/",
            "license": [
                "MIT"
            ],
            "description": "Event loop abstraction layer that libraries can use for evented I/O.",
            "keywords": [
                "event-loop"
            ],
            "time": "2014-02-26 17:36:58"
        },
        {
            "name": "react/promise",
            "version": "v2.2.1",
            "source": {
                "type": "git",
                "url": "https://github.com/reactphp/promise.git",
                "reference": "3b6fca09c7d56321057fa8867c8dbe1abf648627"
            },
            "dist": {
                "type": "zip",
                "url": "https://api.github.com/repos/reactphp/promise/zipball/3b6fca09c7d56321057fa8867c8dbe1abf648627",
                "reference": "3b6fca09c7d56321057fa8867c8dbe1abf648627",
                "shasum": ""
            },
            "require": {
                "php": ">=5.4.0"
            },
            "type": "library",
            "extra": {
                "branch-alias": {
                    "dev-master": "2.0-dev"
                }
            },
            "autoload": {
                "psr-4": {
                    "React\\Promise\\": "src/"
                },
                "files": [
                    "src/functions_include.php"
                ]
            },
            "notification-url": "https://packagist.org/downloads/",
            "license": [
                "MIT"
            ],
            "authors": [
                {
                    "name": "Jan Sorgalla",
                    "email": "jsorgalla@gmail.com"
                }
            ],
            "description": "A lightweight implementation of CommonJS Promises/A for PHP",
            "time": "2015-07-03 13:48:55"
        },
        {
            "name": "react/socket",
            "version": "v0.4.2",
            "source": {
                "type": "git",
                "url": "https://github.com/reactphp/socket.git",
                "reference": "a6acf405ca53fc6cfbfe7c77778ededff46aa7cc"
            },
            "dist": {
                "type": "zip",
                "url": "https://api.github.com/repos/reactphp/socket/zipball/a6acf405ca53fc6cfbfe7c77778ededff46aa7cc",
                "reference": "a6acf405ca53fc6cfbfe7c77778ededff46aa7cc",
                "shasum": ""
            },
            "require": {
                "evenement/evenement": "~2.0",
                "php": ">=5.4.0",
                "react/event-loop": "0.4.*",
                "react/stream": "0.4.*"
            },
            "type": "library",
            "extra": {
                "branch-alias": {
                    "dev-master": "0.4-dev"
                }
            },
            "autoload": {
                "psr-4": {
                    "React\\Socket\\": "src"
                }
            },
            "notification-url": "https://packagist.org/downloads/",
            "license": [
                "MIT"
            ],
            "description": "Library for building an evented socket server.",
            "keywords": [
                "Socket"
            ],
            "time": "2014-05-25 17:02:16"
        },
        {
            "name": "react/socket-client",
            "version": "v0.4.3",
            "source": {
                "type": "git",
                "url": "https://github.com/reactphp/socket-client.git",
                "reference": "1375dac21b1881cba31c2b38f412dc039566673f"
            },
            "dist": {
                "type": "zip",
                "url": "https://api.github.com/repos/reactphp/socket-client/zipball/1375dac21b1881cba31c2b38f412dc039566673f",
                "reference": "1375dac21b1881cba31c2b38f412dc039566673f",
                "shasum": ""
            },
            "require": {
                "php": ">=5.4.0",
                "react/dns": "0.4.*",
                "react/event-loop": "0.4.*",
                "react/promise": "~2.0",
                "react/stream": "0.4.*"
            },
            "type": "library",
            "extra": {
                "branch-alias": {
                    "dev-master": "0.4-dev"
                }
            },
            "autoload": {
                "psr-4": {
                    "React\\SocketClient\\": "src"
                }
            },
            "notification-url": "https://packagist.org/downloads/",
            "license": [
                "MIT"
            ],
            "description": "Async connector to open TCP/IP and SSL/TLS based connections.",
            "keywords": [
                "Socket"
            ],
            "time": "2015-03-20 15:24:06"
        },
        {
            "name": "react/stream",
            "version": "v0.4.2",
            "source": {
                "type": "git",
                "url": "https://github.com/reactphp/stream.git",
                "reference": "acc7a5fec02e0aea674560e1d13c40ed0c8c5465"
            },
            "dist": {
                "type": "zip",
                "url": "https://api.github.com/repos/reactphp/stream/zipball/acc7a5fec02e0aea674560e1d13c40ed0c8c5465",
                "reference": "acc7a5fec02e0aea674560e1d13c40ed0c8c5465",
                "shasum": ""
            },
            "require": {
                "evenement/evenement": "~2.0",
                "php": ">=5.4.0"
            },
            "require-dev": {
                "react/event-loop": "0.4.*",
                "react/promise": "~2.0"
            },
            "suggest": {
                "react/event-loop": "0.4.*",
                "react/promise": "~2.0"
            },
            "type": "library",
            "extra": {
                "branch-alias": {
                    "dev-master": "0.5-dev"
                }
            },
            "autoload": {
                "psr-4": {
                    "React\\Stream\\": "src"
                }
            },
            "notification-url": "https://packagist.org/downloads/",
            "license": [
                "MIT"
            ],
            "description": "Basic readable and writable stream interfaces that support piping.",
            "keywords": [
                "pipe",
                "stream"
            ],
            "time": "2014-09-10 03:32:31"
        },
        {
            "name": "symfony/event-dispatcher",
            "version": "v2.7.4",
            "source": {
                "type": "git",
                "url": "https://github.com/symfony/EventDispatcher.git",
                "reference": "b58c916f1db03a611b72dd702564f30ad8fe83fa"
            },
            "dist": {
                "type": "zip",
                "url": "https://api.github.com/repos/symfony/EventDispatcher/zipball/b58c916f1db03a611b72dd702564f30ad8fe83fa",
                "reference": "b58c916f1db03a611b72dd702564f30ad8fe83fa",
                "shasum": ""
            },
            "require": {
                "php": ">=5.3.9"
            },
            "require-dev": {
                "psr/log": "~1.0",
                "symfony/config": "~2.0,>=2.0.5",
                "symfony/dependency-injection": "~2.6",
                "symfony/expression-language": "~2.6",
                "symfony/phpunit-bridge": "~2.7",
                "symfony/stopwatch": "~2.3"
            },
            "suggest": {
                "symfony/dependency-injection": "",
                "symfony/http-kernel": ""
            },
            "type": "library",
            "extra": {
                "branch-alias": {
                    "dev-master": "2.7-dev"
                }
            },
            "autoload": {
                "psr-4": {
                    "Symfony\\Component\\EventDispatcher\\": ""
                }
            },
            "notification-url": "https://packagist.org/downloads/",
            "license": [
                "MIT"
            ],
            "authors": [
                {
                    "name": "Fabien Potencier",
                    "email": "fabien@symfony.com"
                },
                {
                    "name": "Symfony Community",
                    "homepage": "https://symfony.com/contributors"
                }
            ],
            "description": "Symfony EventDispatcher Component",
            "homepage": "https://symfony.com",
            "time": "2015-08-24 07:13:45"
        },
        {
            "name": "symfony/http-foundation",
            "version": "v2.7.4",
            "source": {
                "type": "git",
                "url": "https://github.com/symfony/HttpFoundation.git",
                "reference": "7253c2041652353e71560bbd300d6256d170ddaf"
            },
            "dist": {
                "type": "zip",
                "url": "https://api.github.com/repos/symfony/HttpFoundation/zipball/7253c2041652353e71560bbd300d6256d170ddaf",
                "reference": "7253c2041652353e71560bbd300d6256d170ddaf",
                "shasum": ""
            },
            "require": {
                "php": ">=5.3.9"
            },
            "require-dev": {
                "symfony/expression-language": "~2.4",
                "symfony/phpunit-bridge": "~2.7"
            },
            "type": "library",
            "extra": {
                "branch-alias": {
                    "dev-master": "2.7-dev"
                }
            },
            "autoload": {
                "psr-4": {
                    "Symfony\\Component\\HttpFoundation\\": ""
                },
                "classmap": [
                    "Resources/stubs"
                ]
            },
            "notification-url": "https://packagist.org/downloads/",
            "license": [
                "MIT"
            ],
            "authors": [
                {
                    "name": "Fabien Potencier",
                    "email": "fabien@symfony.com"
                },
                {
                    "name": "Symfony Community",
                    "homepage": "https://symfony.com/contributors"
                }
            ],
            "description": "Symfony HttpFoundation Component",
            "homepage": "https://symfony.com",
            "time": "2015-08-27 06:45:45"
        },
        {
            "name": "symfony/routing",
            "version": "v2.7.4",
            "source": {
                "type": "git",
                "url": "https://github.com/symfony/Routing.git",
                "reference": "20b1378cb6efffb77ea0608232f18c8f0dd25109"
            },
            "dist": {
                "type": "zip",
                "url": "https://api.github.com/repos/symfony/Routing/zipball/20b1378cb6efffb77ea0608232f18c8f0dd25109",
                "reference": "20b1378cb6efffb77ea0608232f18c8f0dd25109",
                "shasum": ""
            },
            "require": {
                "php": ">=5.3.9"
            },
            "conflict": {
                "symfony/config": "<2.7"
            },
            "require-dev": {
                "doctrine/annotations": "~1.0",
                "doctrine/common": "~2.2",
                "psr/log": "~1.0",
                "symfony/config": "~2.7",
                "symfony/expression-language": "~2.4",
                "symfony/http-foundation": "~2.3",
                "symfony/phpunit-bridge": "~2.7",
                "symfony/yaml": "~2.0,>=2.0.5"
            },
            "suggest": {
                "doctrine/annotations": "For using the annotation loader",
                "symfony/config": "For using the all-in-one router or any loader",
                "symfony/expression-language": "For using expression matching",
                "symfony/yaml": "For using the YAML loader"
            },
            "type": "library",
            "extra": {
                "branch-alias": {
                    "dev-master": "2.7-dev"
                }
            },
            "autoload": {
                "psr-4": {
                    "Symfony\\Component\\Routing\\": ""
                }
            },
            "notification-url": "https://packagist.org/downloads/",
            "license": [
                "MIT"
            ],
            "authors": [
                {
                    "name": "Fabien Potencier",
                    "email": "fabien@symfony.com"
                },
                {
                    "name": "Symfony Community",
                    "homepage": "https://symfony.com/contributors"
                }
            ],
            "description": "Symfony Routing Component",
            "homepage": "https://symfony.com",
            "keywords": [
                "router",
                "routing",
                "uri",
                "url"
            ],
            "time": "2015-08-24 07:13:45"
        },
        {
            "name": "voryx/thruway",
            "version": "dev-master",
            "source": {
                "type": "git",
                "url": "https://github.com/voryx/Thruway.git",
                "reference": "a8a3b846373b1faa33e042f8095eaaaeb54cd98e"
            },
            "dist": {
                "type": "zip",
                "url": "https://api.github.com/repos/voryx/Thruway/zipball/a8a3b846373b1faa33e042f8095eaaaeb54cd98e",
                "reference": "a8a3b846373b1faa33e042f8095eaaaeb54cd98e",
                "shasum": ""
            },
            "require": {
                "cboden/ratchet": "0.3.*",
                "guzzle/guzzle": "~3.9",
                "php": ">=5.4",
                "psr/log": "~1",
                "ratchet/pawl": "0.1.*",
                "react/socket": "0.4.*"
            },
            "suggest": {
                "ext-mcrypt": "If you want to use WAMP-CRA for authentication"
            },
            "type": "library",
            "extra": {
                "branch-alias": {
                    "dev-master": "0.4-dev"
                }
            },
            "autoload": {
                "psr-4": {
                    "Thruway\\": "src/Thruway/"
                }
            },
            "notification-url": "https://packagist.org/downloads/",
            "license": [
                "MIT"
            ],
            "authors": [
                {
                    "name": "Matt Bonneau",
                    "email": "matt@bonneau.net",
                    "role": "Developer"
                },
                {
                    "name": "David Dan",
                    "email": "davidwdan@gmail.com",
                    "role": "Developer"
                }
            ],
            "description": "PHP WAMP2 library",
            "keywords": [
                "Autobahn",
                "WAMP",
                "WAMP2",
                "WebSockets",
                "client",
                "server",
                "sockets"
            ],
            "time": "2015-08-29 18:42:29"
        }
    ],
    "packages-dev": [],
    "aliases": [],
    "minimum-stability": "stable",
    "stability-flags": {
        "voryx/thruway": 20
    },
    "prefer-stable": false,
    "prefer-lowest": false,
    "platform": [],
    "platform-dev": []
}
